
Microsoft Visual Studio Solution File, Format Version 12.00
# Visual Studio Version 17
VisualStudioVersion = 17.0.31919.166
MinimumVisualStudioVersion = 10.0.40219.1
Project("{FAE04EC0-301F-11D3-BF4B-00C04F79EFBC}") = "BooksAdministration", "BooksAdministration\BooksAdministration.csproj", "{B2A2828B-6574-49FD-8409-DA6E8D653964}"
EndProject
Global
	GlobalSection(SolutionConfigurationPlatforms) = preSolution
		Debug|Any CPU = Debug|Any CPU
		Release|Any CPU = Release|Any CPU
	EndGlobalSection
	GlobalSection(ProjectConfigurationPlatforms) = postSolution
		{B2A2828B-6574-49FD-8409-DA6E8D653964}.Debug|Any CPU.ActiveCfg = Debug|Any CPU
		{B2A2828B-6574-49FD-8409-DA6E8D653964}.Debug|Any CPU.Build.0 = Debug|Any CPU
		{B2A2828B-6574-49FD-8409-DA6E8D653964}.Release|Any CPU.ActiveCfg = Release|Any CPU
		{B2A2828B-6574-49FD-8409-DA6E8D653964}.Release|Any CPU.Build.0 = Release|Any CPU
	EndGlobalSection
	GlobalSection(SolutionProperties) = preSolution
		HideSolutionNode = FALSE
	EndGlobalSection
	GlobalSection(ExtensibilityGlobals) = postSolution
		SolutionGuid = {77FDEEBE-64E8-4A21-8BC4-0BB481E60AD6}
	EndGlobalSection
EndGlobal
